// !$*UTF8*$!
{
	archiveVersion = 1;
	classes = {
	};
	objectVersion = 48;
	objects = {

/* Begin PBXBuildFile section */
		AFC27758213567FC0008503E /* HandView.swift in Sources */ = {isa = PBXBuildFile; fileRef = AFC27757213567FC0008503E /* HandView.swift */; };
		EA16B4862135C62500DEC213 /* Assets.xcassets in Resources */ = {isa = PBXBuildFile; fileRef = EA16B4852135C62500DEC213 /* Assets.xcassets */; };
		EA5AB25B205CC4DD004408A5 /* CardsViewDelegate.swift in Sources */ = {isa = PBXBuildFile; fileRef = EA5AB25A205CC4DD004408A5 /* CardsViewDelegate.swift */; };
		EAC7C19D205C9E5600A2CB9E /* AppDelegate.swift in Sources */ = {isa = PBXBuildFile; fileRef = EAC7C19C205C9E5600A2CB9E /* AppDelegate.swift */; };
		EAC7C19F205C9E5600A2CB9E /* GameScene.sks in Resources */ = {isa = PBXBuildFile; fileRef = EAC7C19E205C9E5600A2CB9E /* GameScene.sks */; };
		EAC7C1A1205C9E5600A2CB9E /* Actions.sks in Resources */ = {isa = PBXBuildFile; fileRef = EAC7C1A0205C9E5600A2CB9E /* Actions.sks */; };
		EAC7C1A3205C9E5600A2CB9E /* GameScene.swift in Sources */ = {isa = PBXBuildFile; fileRef = EAC7C1A2205C9E5600A2CB9E /* GameScene.swift */; };
		EAC7C1A5205C9E5600A2CB9E /* GameViewController.swift in Sources */ = {isa = PBXBuildFile; fileRef = EAC7C1A4205C9E5600A2CB9E /* GameViewController.swift */; };
		EAC7C1A8205C9E5600A2CB9E /* Main.storyboard in Resources */ = {isa = PBXBuildFile; fileRef = EAC7C1A6205C9E5600A2CB9E /* Main.storyboard */; };
		EAC7C1AD205C9E5600A2CB9E /* LaunchScreen.storyboard in Resources */ = {isa = PBXBuildFile; fileRef = EAC7C1AB205C9E5600A2CB9E /* LaunchScreen.storyboard */; };
		EAC7C1BD205C9E6A00A2CB9E /* CardsBase.framework in Frameworks */ = {isa = PBXBuildFile; fileRef = EAC7C1BC205C9E6A00A2CB9E /* CardsBase.framework */; };
		EAC7C1BE205C9E6A00A2CB9E /* CardsBase.framework in Embed Frameworks */ = {isa = PBXBuildFile; fileRef = EAC7C1BC205C9E6A00A2CB9E /* CardsBase.framework */; settings = {ATTRIBUTES = (CodeSignOnCopy, RemoveHeadersOnCopy, ); }; };
		EAC7C1C1205C9F5400A2CB9E /* UIGameViewController.swift in Sources */ = {isa = PBXBuildFile; fileRef = EAC7C1C0205C9F5400A2CB9E /* UIGameViewController.swift */; };
		EAC7C1C5205CA51D00A2CB9E /* GameActionDelegate.swift in Sources */ = {isa = PBXBuildFile; fileRef = EAC7C1C4205CA51D00A2CB9E /* GameActionDelegate.swift */; };
		EAEB0E12213C62D70016760F /* AsyncOperation.swift in Sources */ = {isa = PBXBuildFile; fileRef = EAEB0E11213C62D70016760F /* AsyncOperation.swift */; };
		EAEB0E15213C63120016760F /* DealCardAnimation.swift in Sources */ = {isa = PBXBuildFile; fileRef = EAEB0E14213C63120016760F /* DealCardAnimation.swift */; };
/* End PBXBuildFile section */

/* Begin PBXCopyFilesBuildPhase section */
		EAC7C1BF205C9E6B00A2CB9E /* Embed Frameworks */ = {
			isa = PBXCopyFilesBuildPhase;
			buildActionMask = 2147483647;
			dstPath = "";
			dstSubfolderSpec = 10;
			files = (
				EAC7C1BE205C9E6A00A2CB9E /* CardsBase.framework in Embed Frameworks */,
			);
			name = "Embed Frameworks";
			runOnlyForDeploymentPostprocessing = 0;
		};
/* End PBXCopyFilesBuildPhase section */

/* Begin PBXFileReference section */
		AFC27757213567FC0008503E /* HandView.swift */ = {isa = PBXFileReference; lastKnownFileType = sourcecode.swift; path = HandView.swift; sourceTree = "<group>"; };
		EA16B4852135C62500DEC213 /* Assets.xcassets */ = {isa = PBXFileReference; lastKnownFileType = folder.assetcatalog; path = Assets.xcassets; sourceTree = "<group>"; };
		EA5AB25A205CC4DD004408A5 /* CardsViewDelegate.swift */ = {isa = PBXFileReference; lastKnownFileType = sourcecode.swift; path = CardsViewDelegate.swift; sourceTree = "<group>"; };
		EAC7C199205C9E5600A2CB9E /* Blackjack2DPrototype.app */ = {isa = PBXFileReference; explicitFileType = wrapper.application; includeInIndex = 0; path = Blackjack2DPrototype.app; sourceTree = BUILT_PRODUCTS_DIR; };
		EAC7C19C205C9E5600A2CB9E /* AppDelegate.swift */ = {isa = PBXFileReference; lastKnownFileType = sourcecode.swift; path = AppDelegate.swift; sourceTree = "<group>"; };
		EAC7C19E205C9E5600A2CB9E /* GameScene.sks */ = {isa = PBXFileReference; lastKnownFileType = file.sks; path = GameScene.sks; sourceTree = "<group>"; };
		EAC7C1A0205C9E5600A2CB9E /* Actions.sks */ = {isa = PBXFileReference; lastKnownFileType = file.sks; path = Actions.sks; sourceTree = "<group>"; };
		EAC7C1A2205C9E5600A2CB9E /* GameScene.swift */ = {isa = PBXFileReference; lastKnownFileType = sourcecode.swift; path = GameScene.swift; sourceTree = "<group>"; };
		EAC7C1A4205C9E5600A2CB9E /* GameViewController.swift */ = {isa = PBXFileReference; lastKnownFileType = sourcecode.swift; path = GameViewController.swift; sourceTree = "<group>"; };
		EAC7C1A7205C9E5600A2CB9E /* Base */ = {isa = PBXFileReference; lastKnownFileType = file.storyboard; name = Base; path = Base.lproj/Main.storyboard; sourceTree = "<group>"; };
		EAC7C1AC205C9E5600A2CB9E /* Base */ = {isa = PBXFileReference; lastKnownFileType = file.storyboard; name = Base; path = Base.lproj/LaunchScreen.storyboard; sourceTree = "<group>"; };
		EAC7C1AE205C9E5600A2CB9E /* Info.plist */ = {isa = PBXFileReference; lastKnownFileType = text.plist.xml; path = Info.plist; sourceTree = "<group>"; };
		EAC7C1BC205C9E6A00A2CB9E /* CardsBase.framework */ = {isa = PBXFileReference; explicitFileType = wrapper.framework; path = CardsBase.framework; sourceTree = BUILT_PRODUCTS_DIR; };
		EAC7C1C0205C9F5400A2CB9E /* UIGameViewController.swift */ = {isa = PBXFileReference; lastKnownFileType = sourcecode.swift; path = UIGameViewController.swift; sourceTree = "<group>"; };
		EAC7C1C4205CA51D00A2CB9E /* GameActionDelegate.swift */ = {isa = PBXFileReference; lastKnownFileType = sourcecode.swift; path = GameActionDelegate.swift; sourceTree = "<group>"; };
		EAEB0E11213C62D70016760F /* AsyncOperation.swift */ = {isa = PBXFileReference; lastKnownFileType = sourcecode.swift; path = AsyncOperation.swift; sourceTree = "<group>"; };
		EAEB0E14213C63120016760F /* DealCardAnimation.swift */ = {isa = PBXFileReference; lastKnownFileType = sourcecode.swift; path = DealCardAnimation.swift; sourceTree = "<group>"; };
/* End PBXFileReference section */

/* Begin PBXFrameworksBuildPhase section */
		EAC7C196205C9E5600A2CB9E /* Frameworks */ = {
			isa = PBXFrameworksBuildPhase;
			buildActionMask = 2147483647;
			files = (
				EAC7C1BD205C9E6A00A2CB9E /* CardsBase.framework in Frameworks */,
			);
			runOnlyForDeploymentPostprocessing = 0;
		};
/* End PBXFrameworksBuildPhase section */

/* Begin PBXGroup section */
		EAC7C190205C9E5600A2CB9E = {
			isa = PBXGroup;
			children = (
				EAC7C1BC205C9E6A00A2CB9E /* CardsBase.framework */,
				EAC7C19B205C9E5600A2CB9E /* Blackjack2DPrototype */,
				EAC7C19A205C9E5600A2CB9E /* Products */,
			);
			sourceTree = "<group>";
		};
		EAC7C19A205C9E5600A2CB9E /* Products */ = {
			isa = PBXGroup;
			children = (
				EAC7C199205C9E5600A2CB9E /* Blackjack2DPrototype.app */,
			);
			name = Products;
			sourceTree = "<group>";
		};
		EAC7C19B205C9E5600A2CB9E /* Blackjack2DPrototype */ = {
			isa = PBXGroup;
			children = (
				EAEB0E13213C62EF0016760F /* actions */,
				EAC7C19C205C9E5600A2CB9E /* AppDelegate.swift */,
				EAC7C19E205C9E5600A2CB9E /* GameScene.sks */,
				EA16B4852135C62500DEC213 /* Assets.xcassets */,
				EAC7C1A0205C9E5600A2CB9E /* Actions.sks */,
				EAC7C1A2205C9E5600A2CB9E /* GameScene.swift */,
				EAC7C1A4205C9E5600A2CB9E /* GameViewController.swift */,
				EAC7C1A6205C9E5600A2CB9E /* Main.storyboard */,
				EAC7C1AB205C9E5600A2CB9E /* LaunchScreen.storyboard */,
				EAC7C1AE205C9E5600A2CB9E /* Info.plist */,
				EAC7C1C0205C9F5400A2CB9E /* UIGameViewController.swift */,
				EAC7C1C4205CA51D00A2CB9E /* GameActionDelegate.swift */,
				EA5AB25A205CC4DD004408A5 /* CardsViewDelegate.swift */,
				AFC27757213567FC0008503E /* HandView.swift */,
			);
			path = Blackjack2DPrototype;
			sourceTree = "<group>";
		};
		EAEB0E13213C62EF0016760F /* actions */ = {
			isa = PBXGroup;
			children = (
				EAEB0E11213C62D70016760F /* AsyncOperation.swift */,
				EAEB0E14213C63120016760F /* DealCardAnimation.swift */,
			);
			name = actions;
			sourceTree = "<group>";
		};
/* End PBXGroup section */

/* Begin PBXNativeTarget section */
		EAC7C198205C9E5600A2CB9E /* Blackjack2DPrototype */ = {
			isa = PBXNativeTarget;
			buildConfigurationList = EAC7C1B1205C9E5600A2CB9E /* Build configuration list for PBXNativeTarget "Blackjack2DPrototype" */;
			buildPhases = (
				EAC7C195205C9E5600A2CB9E /* Sources */,
				EAC7C196205C9E5600A2CB9E /* Frameworks */,
				EAC7C197205C9E5600A2CB9E /* Resources */,
				EAC7C1BF205C9E6B00A2CB9E /* Embed Frameworks */,
			);
			buildRules = (
			);
			dependencies = (
			);
			name = Blackjack2DPrototype;
			productName = Blackjack2DPrototype;
			productReference = EAC7C199205C9E5600A2CB9E /* Blackjack2DPrototype.app */;
			productType = "com.apple.product-type.application";
		};
/* End PBXNativeTarget section */

/* Begin PBXProject section */
		EAC7C191205C9E5600A2CB9E /* Project object */ = {
			isa = PBXProject;
			attributes = {
				LastSwiftUpdateCheck = 0920;
				LastUpgradeCheck = 0940;
				ORGANIZATIONNAME = "Александр Славщик";
				TargetAttributes = {
					EAC7C198205C9E5600A2CB9E = {
						CreatedOnToolsVersion = 9.2;
						ProvisioningStyle = Automatic;
					};
				};
			};
			buildConfigurationList = EAC7C194205C9E5600A2CB9E /* Build configuration list for PBXProject "Blackjack2DPrototype" */;
			compatibilityVersion = "Xcode 8.0";
			developmentRegion = en;
			hasScannedForEncodings = 0;
			knownRegions = (
				en,
				Base,
			);
			mainGroup = EAC7C190205C9E5600A2CB9E;
			productRefGroup = EAC7C19A205C9E5600A2CB9E /* Products */;
			projectDirPath = "";
			projectRoot = "";
			targets = (
				EAC7C198205C9E5600A2CB9E /* Blackjack2DPrototype */,
			);
		};
/* End PBXProject section */

/* Begin PBXResourcesBuildPhase section */
		EAC7C197205C9E5600A2CB9E /* Resources */ = {
			isa = PBXResourcesBuildPhase;
			buildActionMask = 2147483647;
			files = (
				EAC7C1A8205C9E5600A2CB9E /* Main.storyboard in Resources */,
				EAC7C19F205C9E5600A2CB9E /* GameScene.sks in Resources */,
				EAC7C1AD205C9E5600A2CB9E /* LaunchScreen.storyboard in Resources */,
				EAC7C1A1205C9E5600A2CB9E /* Actions.sks in Resources */,
				EA16B4862135C62500DEC213 /* Assets.xcassets in Resources */,
			);
			runOnlyForDeploymentPostprocessing = 0;
		};
/* End PBXResourcesBuildPhase section */

/* Begin PBXSourcesBuildPhase section */
		EAC7C195205C9E5600A2CB9E /* Sources */ = {
			isa = PBXSourcesBuildPhase;
			buildActionMask = 2147483647;
			files = (
				AFC27758213567FC0008503E /* HandView.swift in Sources */,
				EAC7C1C5205CA51D00A2CB9E /* GameActionDelegate.swift in Sources */,
				EAC7C1C1205C9F5400A2CB9E /* UIGameViewController.swift in Sources */,
				EAC7C1A3205C9E5600A2CB9E /* GameScene.swift in Sources */,
				EAC7C1A5205C9E5600A2CB9E /* GameViewController.swift in Sources */,
				EAEB0E15213C63120016760F /* DealCardAnimation.swift in Sources */,
				EAC7C19D205C9E5600A2CB9E /* AppDelegate.swift in Sources */,
				EAEB0E12213C62D70016760F /* AsyncOperation.swift in Sources */,
				EA5AB25B205CC4DD004408A5 /* CardsViewDelegate.swift in Sources */,
			);
			runOnlyForDeploymentPostprocessing = 0;
		};
/* End PBXSourcesBuildPhase section */

/* Begin PBXVariantGroup section */
		EAC7C1A6205C9E5600A2CB9E /* Main.storyboard */ = {
			isa = PBXVariantGroup;
			children = (
				EAC7C1A7205C9E5600A2CB9E /* Base */,
			);
			name = Main.storyboard;
			sourceTree = "<group>";
		};
		EAC7C1AB205C9E5600A2CB9E /* LaunchScreen.storyboard */ = {
			isa = PBXVariantGroup;
			children = (
				EAC7C1AC205C9E5600A2CB9E /* Base */,
			);
			name = LaunchScreen.storyboard;
			sourceTree = "<group>";
		};
/* End PBXVariantGroup section */

/* Begin XCBuildConfiguration section */
		EAC7C1AF205C9E5600A2CB9E /* Debug */ = {
			isa = XCBuildConfiguration;
			buildSettings = {
				ALWAYS_SEARCH_USER_PATHS = NO;
				CLANG_ANALYZER_NONNULL = YES;
				CLANG_ANALYZER_NUMBER_OBJECT_CONVERSION = YES_AGGRESSIVE;
				CLANG_CXX_LANGUAGE_STANDARD = "gnu++14";
				CLANG_CXX_LIBRARY = "libc++";
				CLANG_ENABLE_MODULES = YES;
				CLANG_ENABLE_OBJC_ARC = YES;
				CLANG_WARN_BLOCK_CAPTURE_AUTORELEASING = YES;
				CLANG_WARN_BOOL_CONVERSION = YES;
				CLANG_WARN_COMMA = YES;
				CLANG_WARN_CONSTANT_CONVERSION = YES;
				CLANG_WARN_DEPRECATED_OBJC_IMPLEMENTATIONS = YES;
				CLANG_WARN_DIRECT_OBJC_ISA_USAGE = YES_ERROR;
				CLANG_WARN_DOCUMENTATION_COMMENTS = YES;
				CLANG_WARN_EMPTY_BODY = YES;
				CLANG_WARN_ENUM_CONVERSION = YES;
				CLANG_WARN_INFINITE_RECURSION = YES;
				CLANG_WARN_INT_CONVERSION = YES;
				CLANG_WARN_NON_LITERAL_NULL_CONVERSION = YES;
				CLANG_WARN_OBJC_IMPLICIT_RETAIN_SELF = YES;
				CLANG_WARN_OBJC_LITERAL_CONVERSION = YES;
				CLANG_WARN_OBJC_ROOT_CLASS = YES_ERROR;
				CLANG_WARN_RANGE_LOOP_ANALYSIS = YES;
				CLANG_WARN_STRICT_PROTOTYPES = YES;
				CLANG_WARN_SUSPICIOUS_MOVE = YES;
				CLANG_WARN_UNGUARDED_AVAILABILITY = YES_AGGRESSIVE;
				CLANG_WARN_UNREACHABLE_CODE = YES;
				CLANG_WARN__DUPLICATE_METHOD_MATCH = YES;
				CODE_SIGN_IDENTITY = "iPhone Developer";
				COPY_PHASE_STRIP = NO;
				DEBUG_INFORMATION_FORMAT = dwarf;
				ENABLE_STRICT_OBJC_MSGSEND = YES;
				ENABLE_TESTABILITY = YES;
				GCC_C_LANGUAGE_STANDARD = gnu11;
				GCC_DYNAMIC_NO_PIC = NO;
				GCC_NO_COMMON_BLOCKS = YES;
				GCC_OPTIMIZATION_LEVEL = 0;
				GCC_PREPROCESSOR_DEFINITIONS = (
					"DEBUG=1",
					"$(inherited)",
				);
				GCC_WARN_64_TO_32_BIT_CONVERSION = YES;
				GCC_WARN_ABOUT_RETURN_TYPE = YES_ERROR;
				GCC_WARN_UNDECLARED_SELECTOR = YES;
				GCC_WARN_UNINITIALIZED_AUTOS = YES_AGGRESSIVE;
				GCC_WARN_UNUSED_FUNCTION = YES;
				GCC_WARN_UNUSED_VARIABLE = YES;
				IPHONEOS_DEPLOYMENT_TARGET = 11.2;
				MTL_ENABLE_DEBUG_INFO = YES;
				ONLY_ACTIVE_ARCH = YES;
				SDKROOT = iphoneos;
				SWIFT_ACTIVE_COMPILATION_CONDITIONS = DEBUG;
				SWIFT_OPTIMIZATION_LEVEL = "-Onone";
			};
			name = Debug;
		};
		EAC7C1B0205C9E5600A2CB9E /* Release */ = {
			isa = XCBuildConfiguration;
			buildSettings = {
				ALWAYS_SEARCH_USER_PATHS = NO;
				CLANG_ANALYZER_NONNULL = YES;
				CLANG_ANALYZER_NUMBER_OBJECT_CONVERSION = YES_AGGRESSIVE;
				CLANG_CXX_LANGUAGE_STANDARD = "gnu++14";
				CLANG_CXX_LIBRARY = "libc++";
				CLANG_ENABLE_MODULES = YES;
				CLANG_ENABLE_OBJC_ARC = YES;
				CLANG_WARN_BLOCK_CAPTURE_AUTORELEASING = YES;
				CLANG_WARN_BOOL_CONVERSION = YES;
				CLANG_WARN_COMMA = YES;
				CLANG_WARN_CONSTANT_CONVERSION = YES;
				CLANG_WARN_DEPRECATED_OBJC_IMPLEMENTATIONS = YES;
				CLANG_WARN_DIRECT_OBJC_ISA_USAGE = YES_ERROR;
				CLANG_WARN_DOCUMENTATION_COMMENTS = YES;
				CLANG_WARN_EMPTY_BODY = YES;
				CLANG_WARN_ENUM_CONVERSION = YES;
				CLANG_WARN_INFINITE_RECURSION = YES;
				CLANG_WARN_INT_CONVERSION = YES;
				CLANG_WARN_NON_LITERAL_NULL_CONVERSION = YES;
				CLANG_WARN_OBJC_IMPLICIT_RETAIN_SELF = YES;
				CLANG_WARN_OBJC_LITERAL_CONVERSION = YES;
				CLANG_WARN_OBJC_ROOT_CLASS = YES_ERROR;
				CLANG_WARN_RANGE_LOOP_ANALYSIS = YES;
				CLANG_WARN_STRICT_PROTOTYPES = YES;
				CLANG_WARN_SUSPICIOUS_MOVE = YES;
				CLANG_WARN_UNGUARDED_AVAILABILITY = YES_AGGRESSIVE;
				CLANG_WARN_UNREACHABLE_CODE = YES;
				CLANG_WARN__DUPLICATE_METHOD_MATCH = YES;
				CODE_SIGN_IDENTITY = "iPhone Developer";
				COPY_PHASE_STRIP = NO;
				DEBUG_INFORMATION_FORMAT = "dwarf-with-dsym";
				ENABLE_NS_ASSERTIONS = NO;
				ENABLE_STRICT_OBJC_MSGSEND = YES;
				GCC_C_LANGUAGE_STANDARD = gnu11;
				GCC_NO_COMMON_BLOCKS = YES;
				GCC_WARN_64_TO_32_BIT_CONVERSION = YES;
				GCC_WARN_ABOUT_RETURN_TYPE = YES_ERROR;
				GCC_WARN_UNDECLARED_SELECTOR = YES;
				GCC_WARN_UNINITIALIZED_AUTOS = YES_AGGRESSIVE;
				GCC_WARN_UNUSED_FUNCTION = YES;
				GCC_WARN_UNUSED_VARIABLE = YES;
				IPHONEOS_DEPLOYMENT_TARGET = 11.2;
				MTL_ENABLE_DEBUG_INFO = NO;
				SDKROOT = iphoneos;
				SWIFT_OPTIMIZATION_LEVEL = "-Owholemodule";
				VALIDATE_PRODUCT = YES;
			};
			name = Release;
		};
		EAC7C1B2205C9E5600A2CB9E /* Debug */ = {
			isa = XCBuildConfiguration;
			buildSettings = {
				ASSETCATALOG_COMPILER_APPICON_NAME = AppIcon;
				CODE_SIGN_STYLE = Automatic;
				DEVELOPMENT_TEAM = S6RG2KR6XR;
				INFOPLIST_FILE = Blackjack2DPrototype/Info.plist;
				LD_RUNPATH_SEARCH_PATHS = "$(inherited) @executable_path/Frameworks";
				PRODUCT_BUNDLE_IDENTIFIER = com.kujba.blackjack.Blackjack2DPrototype;
				PRODUCT_NAME = "$(TARGET_NAME)";
				SWIFT_VERSION = 4.0;
				TARGETED_DEVICE_FAMILY = "1,2";
			};
			name = Debug;
		};
		EAC7C1B3205C9E5600A2CB9E /* Release */ = {
			isa = XCBuildConfiguration;
			buildSettings = {
				ASSETCATALOG_COMPILER_APPICON_NAME = AppIcon;
				CODE_SIGN_STYLE = Automatic;
				DEVELOPMENT_TEAM = S6RG2KR6XR;
				INFOPLIST_FILE = Blackjack2DPrototype/Info.plist;
				LD_RUNPATH_SEARCH_PATHS = "$(inherited) @executable_path/Frameworks";
				PRODUCT_BUNDLE_IDENTIFIER = com.kujba.blackjack.Blackjack2DPrototype;
				PRODUCT_NAME = "$(TARGET_NAME)";
				SWIFT_VERSION = 4.0;
				TARGETED_DEVICE_FAMILY = "1,2";
			};
			name = Release;
		};
/* End XCBuildConfiguration section */

/* Begin XCConfigurationList section */
		EAC7C194205C9E5600A2CB9E /* Build configuration list for PBXProject "Blackjack2DPrototype" */ = {
			isa = XCConfigurationList;
			buildConfigurations = (
				EAC7C1AF205C9E5600A2CB9E /* Debug */,
				EAC7C1B0205C9E5600A2CB9E /* Release */,
			);
			defaultConfigurationIsVisible = 0;
			defaultConfigurationName = Release;
		};
		EAC7C1B1205C9E5600A2CB9E /* Build configuration list for PBXNativeTarget "Blackjack2DPrototype" */ = {
			isa = XCConfigurationList;
			buildConfigurations = (
				EAC7C1B2205C9E5600A2CB9E /* Debug */,
				EAC7C1B3205C9E5600A2CB9E /* Release */,
			);
			defaultConfigurationIsVisible = 0;
			defaultConfigurationName = Release;
		};
/* End XCConfigurationList section */
	};
	rootObject = EAC7C191205C9E5600A2CB9E /* Project object */;
}
